
Microsoft Visual Studio Solution File, Format Version 12.00
# Visual Studio Version 17
Project("{8BC9CEB8-8B4A-11D0-8D11-00A0C91BC942}") = "IndexEditor", "Editor\IndexEditor.vcxproj", "{BCB6F5A1-286C-6E97-B160-686E1D15659B}"
EndProject
Project("{2150E333-8FDC-42A3-9474-1A3956D46DE8}") = "External", "External", "{6F244A6A-5BF2-3D70-4486-AE9630F319D5}"
EndProject
Project("{8BC9CEB8-8B4A-11D0-8D11-00A0C91BC942}") = "SpirvCross", "Index\External\SpirvCross.vcxproj", "{434A39C2-2F02-7B0F-9809-546B84E01500}"
EndProject
Project("{8BC9CEB8-8B4A-11D0-8D11-00A0C91BC942}") = "box2d", "Index\External\box2d.vcxproj", "{E4442B0F-5059-53C0-19DB-F61F85AE4FF1}"
EndProject
Project("{8BC9CEB8-8B4A-11D0-8D11-00A0C91BC942}") = "freetype", "Index\External\freetype\freetype.vcxproj", "{89895BD8-7556-B6E3-9E6F-A48B8A9BEB71}"
EndProject
Project("{8BC9CEB8-8B4A-11D0-8D11-00A0C91BC942}") = "glfw", "Index\External\glfw.vcxproj", "{9563977C-819A-980D-2A87-7E10169D140F}"
EndProject
Project("{8BC9CEB8-8B4A-11D0-8D11-00A0C91BC942}") = "imgui", "Index\External\imgui.vcxproj", "{0098A80F-6CAC-D0C0-352E-7420A101CDF1}"
EndProject
Project("{8BC9CEB8-8B4A-11D0-8D11-00A0C91BC942}") = "lua", "Index\External\lua\lua.vcxproj", "{C78D880B-3397-887C-BC12-9F7C281B947C}"
EndProject
Project("{8BC9CEB8-8B4A-11D0-8D11-00A0C91BC942}") = "meshoptimizer", "Index\External\ModelLoaders\meshoptimizer\meshoptimizer.vcxproj", "{75046AD2-E1C4-E508-AAFF-2E86167F2AE5}"
EndProject
Project("{8BC9CEB8-8B4A-11D0-8D11-00A0C91BC942}") = "msdf-atlas-gen", "Index\External\msdf-atlas-gen\msdf-atlas-gen.vcxproj", "{38BD587B-248B-4C81-0D1F-BDA7F98B28E6}"
EndProject
Project("{8BC9CEB8-8B4A-11D0-8D11-00A0C91BC942}") = "ozz_animation", "Index\External\ozz-animation\ozz_animation.vcxproj", "{8764B778-F324-33AF-BC5F-7C2C28DF778B}"
EndProject
Project("{8BC9CEB8-8B4A-11D0-8D11-00A0C91BC942}") = "ozz_animation_offline", "Index\External\ozz-animation\ozz_animation_offline.vcxproj", "{694CCA4B-D5B8-8546-9EAC-1DA40AD8A7AE}"
EndProject
Project("{8BC9CEB8-8B4A-11D0-8D11-00A0C91BC942}") = "ozz_base", "Index\External\ozz-animation\ozz_base.vcxproj", "{226903BF-0E36-5ECA-374F-4C72237B9358}"
EndProject
Project("{8BC9CEB8-8B4A-11D0-8D11-00A0C91BC942}") = "spdlog", "Index\External\spdlog\spdlog.vcxproj", "{8EAD431C-7A4F-6EF2-630A-82464F4BF542}"
EndProject
Project("{8BC9CEB8-8B4A-11D0-8D11-00A0C91BC942}") = "Index", "Index\Index.vcxproj", "{354DA00D-A161-C8BE-6AE3-6B1ED6B6C4EF}"
EndProject
Project("{8BC9CEB8-8B4A-11D0-8D11-00A0C91BC942}") = "Runtime", "Runtime\Runtime.vcxproj", "{4995DAC4-B574-5960-BE8C-E4362AEBBFC1}"
EndProject
Global
	GlobalSection(SolutionConfigurationPlatforms) = preSolution
		Debug|x64 = Debug|x64
		Production|x64 = Production|x64
		Release|x64 = Release|x64
	EndGlobalSection
	GlobalSection(ProjectConfigurationPlatforms) = postSolution
		{BCB6F5A1-286C-6E97-B160-686E1D15659B}.Debug|x64.ActiveCfg = Debug|x64
		{BCB6F5A1-286C-6E97-B160-686E1D15659B}.Debug|x64.Build.0 = Debug|x64
		{BCB6F5A1-286C-6E97-B160-686E1D15659B}.Production|x64.ActiveCfg = Production|x64
		{BCB6F5A1-286C-6E97-B160-686E1D15659B}.Production|x64.Build.0 = Production|x64
		{BCB6F5A1-286C-6E97-B160-686E1D15659B}.Release|x64.ActiveCfg = Release|x64
		{BCB6F5A1-286C-6E97-B160-686E1D15659B}.Release|x64.Build.0 = Release|x64
		{434A39C2-2F02-7B0F-9809-546B84E01500}.Debug|x64.ActiveCfg = Debug|x64
		{434A39C2-2F02-7B0F-9809-546B84E01500}.Debug|x64.Build.0 = Debug|x64
		{434A39C2-2F02-7B0F-9809-546B84E01500}.Production|x64.ActiveCfg = Production|x64
		{434A39C2-2F02-7B0F-9809-546B84E01500}.Production|x64.Build.0 = Production|x64
		{434A39C2-2F02-7B0F-9809-546B84E01500}.Release|x64.ActiveCfg = Release|x64
		{434A39C2-2F02-7B0F-9809-546B84E01500}.Release|x64.Build.0 = Release|x64
		{E4442B0F-5059-53C0-19DB-F61F85AE4FF1}.Debug|x64.ActiveCfg = Debug|x64
		{E4442B0F-5059-53C0-19DB-F61F85AE4FF1}.Debug|x64.Build.0 = Debug|x64
		{E4442B0F-5059-53C0-19DB-F61F85AE4FF1}.Production|x64.ActiveCfg = Production|x64
		{E4442B0F-5059-53C0-19DB-F61F85AE4FF1}.Production|x64.Build.0 = Production|x64
		{E4442B0F-5059-53C0-19DB-F61F85AE4FF1}.Release|x64.ActiveCfg = Release|x64
		{E4442B0F-5059-53C0-19DB-F61F85AE4FF1}.Release|x64.Build.0 = Release|x64
		{89895BD8-7556-B6E3-9E6F-A48B8A9BEB71}.Debug|x64.ActiveCfg = Debug|x64
		{89895BD8-7556-B6E3-9E6F-A48B8A9BEB71}.Debug|x64.Build.0 = Debug|x64
		{89895BD8-7556-B6E3-9E6F-A48B8A9BEB71}.Production|x64.ActiveCfg = Production|x64
		{89895BD8-7556-B6E3-9E6F-A48B8A9BEB71}.Production|x64.Build.0 = Production|x64
		{89895BD8-7556-B6E3-9E6F-A48B8A9BEB71}.Release|x64.ActiveCfg = Release|x64
		{89895BD8-7556-B6E3-9E6F-A48B8A9BEB71}.Release|x64.Build.0 = Release|x64
		{9563977C-819A-980D-2A87-7E10169D140F}.Debug|x64.ActiveCfg = Debug|x64
		{9563977C-819A-980D-2A87-7E10169D140F}.Debug|x64.Build.0 = Debug|x64
		{9563977C-819A-980D-2A87-7E10169D140F}.Production|x64.ActiveCfg = Production|x64
		{9563977C-819A-980D-2A87-7E10169D140F}.Production|x64.Build.0 = Production|x64
		{9563977C-819A-980D-2A87-7E10169D140F}.Release|x64.ActiveCfg = Release|x64
		{9563977C-819A-980D-2A87-7E10169D140F}.Release|x64.Build.0 = Release|x64
		{0098A80F-6CAC-D0C0-352E-7420A101CDF1}.Debug|x64.ActiveCfg = Debug|x64
		{0098A80F-6CAC-D0C0-352E-7420A101CDF1}.Debug|x64.Build.0 = Debug|x64
		{0098A80F-6CAC-D0C0-352E-7420A101CDF1}.Production|x64.ActiveCfg = Production|x64
		{0098A80F-6CAC-D0C0-352E-7420A101CDF1}.Production|x64.Build.0 = Production|x64
		{0098A80F-6CAC-D0C0-352E-7420A101CDF1}.Release|x64.ActiveCfg = Release|x64
		{0098A80F-6CAC-D0C0-352E-7420A101CDF1}.Release|x64.Build.0 = Release|x64
		{C78D880B-3397-887C-BC12-9F7C281B947C}.Debug|x64.ActiveCfg = Debug|x64
		{C78D880B-3397-887C-BC12-9F7C281B947C}.Debug|x64.Build.0 = Debug|x64
		{C78D880B-3397-887C-BC12-9F7C281B947C}.Production|x64.ActiveCfg = Production|x64
		{C78D880B-3397-887C-BC12-9F7C281B947C}.Production|x64.Build.0 = Production|x64
		{C78D880B-3397-887C-BC12-9F7C281B947C}.Release|x64.ActiveCfg = Release|x64
		{C78D880B-3397-887C-BC12-9F7C281B947C}.Release|x64.Build.0 = Release|x64
		{75046AD2-E1C4-E508-AAFF-2E86167F2AE5}.Debug|x64.ActiveCfg = Debug|x64
		{75046AD2-E1C4-E508-AAFF-2E86167F2AE5}.Debug|x64.Build.0 = Debug|x64
		{75046AD2-E1C4-E508-AAFF-2E86167F2AE5}.Production|x64.ActiveCfg = Production|x64
		{75046AD2-E1C4-E508-AAFF-2E86167F2AE5}.Production|x64.Build.0 = Production|x64
		{75046AD2-E1C4-E508-AAFF-2E86167F2AE5}.Release|x64.ActiveCfg = Release|x64
		{75046AD2-E1C4-E508-AAFF-2E86167F2AE5}.Release|x64.Build.0 = Release|x64
		{38BD587B-248B-4C81-0D1F-BDA7F98B28E6}.Debug|x64.ActiveCfg = Debug|x64
		{38BD587B-248B-4C81-0D1F-BDA7F98B28E6}.Debug|x64.Build.0 = Debug|x64
		{38BD587B-248B-4C81-0D1F-BDA7F98B28E6}.Production|x64.ActiveCfg = Production|x64
		{38BD587B-248B-4C81-0D1F-BDA7F98B28E6}.Production|x64.Build.0 = Production|x64
		{38BD587B-248B-4C81-0D1F-BDA7F98B28E6}.Release|x64.ActiveCfg = Release|x64
		{38BD587B-248B-4C81-0D1F-BDA7F98B28E6}.Release|x64.Build.0 = Release|x64
		{8764B778-F324-33AF-BC5F-7C2C28DF778B}.Debug|x64.ActiveCfg = Debug|x64
		{8764B778-F324-33AF-BC5F-7C2C28DF778B}.Debug|x64.Build.0 = Debug|x64
		{8764B778-F324-33AF-BC5F-7C2C28DF778B}.Production|x64.ActiveCfg = Production|x64
		{8764B778-F324-33AF-BC5F-7C2C28DF778B}.Production|x64.Build.0 = Production|x64
		{8764B778-F324-33AF-BC5F-7C2C28DF778B}.Release|x64.ActiveCfg = Release|x64
		{8764B778-F324-33AF-BC5F-7C2C28DF778B}.Release|x64.Build.0 = Release|x64
		{694CCA4B-D5B8-8546-9EAC-1DA40AD8A7AE}.Debug|x64.ActiveCfg = Debug|x64
		{694CCA4B-D5B8-8546-9EAC-1DA40AD8A7AE}.Debug|x64.Build.0 = Debug|x64
		{694CCA4B-D5B8-8546-9EAC-1DA40AD8A7AE}.Production|x64.ActiveCfg = Production|x64
		{694CCA4B-D5B8-8546-9EAC-1DA40AD8A7AE}.Production|x64.Build.0 = Production|x64
		{694CCA4B-D5B8-8546-9EAC-1DA40AD8A7AE}.Release|x64.ActiveCfg = Release|x64
		{694CCA4B-D5B8-8546-9EAC-1DA40AD8A7AE}.Release|x64.Build.0 = Release|x64
		{226903BF-0E36-5ECA-374F-4C72237B9358}.Debug|x64.ActiveCfg = Debug|x64
		{226903BF-0E36-5ECA-374F-4C72237B9358}.Debug|x64.Build.0 = Debug|x64
		{226903BF-0E36-5ECA-374F-4C72237B9358}.Production|x64.ActiveCfg = Production|x64
		{226903BF-0E36-5ECA-374F-4C72237B9358}.Production|x64.Build.0 = Production|x64
		{226903BF-0E36-5ECA-374F-4C72237B9358}.Release|x64.ActiveCfg = Release|x64
		{226903BF-0E36-5ECA-374F-4C72237B9358}.Release|x64.Build.0 = Release|x64
		{8EAD431C-7A4F-6EF2-630A-82464F4BF542}.Debug|x64.ActiveCfg = Debug|x64
		{8EAD431C-7A4F-6EF2-630A-82464F4BF542}.Debug|x64.Build.0 = Debug|x64
		{8EAD431C-7A4F-6EF2-630A-82464F4BF542}.Production|x64.ActiveCfg = Production|x64
		{8EAD431C-7A4F-6EF2-630A-82464F4BF542}.Production|x64.Build.0 = Production|x64
		{8EAD431C-7A4F-6EF2-630A-82464F4BF542}.Release|x64.ActiveCfg = Release|x64
		{8EAD431C-7A4F-6EF2-630A-82464F4BF542}.Release|x64.Build.0 = Release|x64
		{354DA00D-A161-C8BE-6AE3-6B1ED6B6C4EF}.Debug|x64.ActiveCfg = Debug|x64
		{354DA00D-A161-C8BE-6AE3-6B1ED6B6C4EF}.Debug|x64.Build.0 = Debug|x64
		{354DA00D-A161-C8BE-6AE3-6B1ED6B6C4EF}.Production|x64.ActiveCfg = Production|x64
		{354DA00D-A161-C8BE-6AE3-6B1ED6B6C4EF}.Production|x64.Build.0 = Production|x64
		{354DA00D-A161-C8BE-6AE3-6B1ED6B6C4EF}.Release|x64.ActiveCfg = Release|x64
		{354DA00D-A161-C8BE-6AE3-6B1ED6B6C4EF}.Release|x64.Build.0 = Release|x64
		{4995DAC4-B574-5960-BE8C-E4362AEBBFC1}.Debug|x64.ActiveCfg = Debug|x64
		{4995DAC4-B574-5960-BE8C-E4362AEBBFC1}.Debug|x64.Build.0 = Debug|x64
		{4995DAC4-B574-5960-BE8C-E4362AEBBFC1}.Production|x64.ActiveCfg = Production|x64
		{4995DAC4-B574-5960-BE8C-E4362AEBBFC1}.Production|x64.Build.0 = Production|x64
		{4995DAC4-B574-5960-BE8C-E4362AEBBFC1}.Release|x64.ActiveCfg = Release|x64
		{4995DAC4-B574-5960-BE8C-E4362AEBBFC1}.Release|x64.Build.0 = Release|x64
	EndGlobalSection
	GlobalSection(SolutionProperties) = preSolution
		HideSolutionNode = FALSE
	EndGlobalSection
	GlobalSection(NestedProjects) = preSolution
		{434A39C2-2F02-7B0F-9809-546B84E01500} = {6F244A6A-5BF2-3D70-4486-AE9630F319D5}
		{E4442B0F-5059-53C0-19DB-F61F85AE4FF1} = {6F244A6A-5BF2-3D70-4486-AE9630F319D5}
		{89895BD8-7556-B6E3-9E6F-A48B8A9BEB71} = {6F244A6A-5BF2-3D70-4486-AE9630F319D5}
		{9563977C-819A-980D-2A87-7E10169D140F} = {6F244A6A-5BF2-3D70-4486-AE9630F319D5}
		{0098A80F-6CAC-D0C0-352E-7420A101CDF1} = {6F244A6A-5BF2-3D70-4486-AE9630F319D5}
		{C78D880B-3397-887C-BC12-9F7C281B947C} = {6F244A6A-5BF2-3D70-4486-AE9630F319D5}
		{75046AD2-E1C4-E508-AAFF-2E86167F2AE5} = {6F244A6A-5BF2-3D70-4486-AE9630F319D5}
		{38BD587B-248B-4C81-0D1F-BDA7F98B28E6} = {6F244A6A-5BF2-3D70-4486-AE9630F319D5}
		{8764B778-F324-33AF-BC5F-7C2C28DF778B} = {6F244A6A-5BF2-3D70-4486-AE9630F319D5}
		{694CCA4B-D5B8-8546-9EAC-1DA40AD8A7AE} = {6F244A6A-5BF2-3D70-4486-AE9630F319D5}
		{226903BF-0E36-5ECA-374F-4C72237B9358} = {6F244A6A-5BF2-3D70-4486-AE9630F319D5}
		{8EAD431C-7A4F-6EF2-630A-82464F4BF542} = {6F244A6A-5BF2-3D70-4486-AE9630F319D5}
	EndGlobalSection
EndGlobal
